# generated by rye
# use `rye lock` or `rye sync` to update this lockfile
#
# last locked with the following flags:
#   pre: false
#   features: []
#   all-features: false
#   with-sources: false
#   generate-hashes: false
#   universal: false

-e file:.
alembic==1.14.0
    # via demo-fastapi
amqp==5.3.1
    # via kombu
annotated-types==0.7.0
    # via pydantic
anyio==4.6.2.post1
    # via httpx
    # via starlette
    # via watchfiles
asgiref==3.8.1
    # via opentelemetry-instrumentation-asgi
bcrypt==4.2.0
    # via passlib
billiard==4.2.1
    # via celery
celery==5.4.0
    # via demo-fastapi
certifi==2024.8.30
    # via httpcore
    # via httpx
    # via requests
charset-normalizer==3.4.0
    # via requests
click==8.1.7
    # via celery
    # via click-didyoumean
    # via click-plugins
    # via click-repl
    # via typer
    # via uvicorn
click-didyoumean==0.3.1
    # via celery
click-plugins==1.1.1
    # via celery
click-repl==0.3.0
    # via celery
deprecated==1.2.15
    # via opentelemetry-api
    # via opentelemetry-exporter-otlp-proto-http
    # via opentelemetry-semantic-conventions
dnspython==2.7.0
    # via email-validator
ecdsa==0.19.0
    # via python-jose
email-validator==2.2.0
    # via fastapi
executing==2.1.0
    # via logfire
fastapi==0.115.5
    # via demo-fastapi
fastapi-cli==0.0.5
    # via fastapi
googleapis-common-protos==1.66.0
    # via opentelemetry-exporter-otlp-proto-http
greenlet==3.1.1
    # via sqlalchemy
h11==0.14.0
    # via httpcore
    # via uvicorn
httpcore==1.0.7
    # via httpx
httptools==0.6.4
    # via uvicorn
httpx==0.27.2
    # via fastapi
idna==3.10
    # via anyio
    # via email-validator
    # via httpx
    # via requests
importlib-metadata==8.5.0
    # via opentelemetry-api
itsdangerous==2.2.0
    # via fastapi
jinja2==3.1.4
    # via fastapi
kombu==5.4.2
    # via celery
logfire==2.3.0
    # via demo-fastapi
mako==1.3.6
    # via alembic
markdown-it-py==3.0.0
    # via rich
markupsafe==3.0.2
    # via jinja2
    # via mako
mdurl==0.1.2
    # via markdown-it-py
opentelemetry-api==1.28.1
    # via opentelemetry-exporter-otlp-proto-http
    # via opentelemetry-instrumentation
    # via opentelemetry-instrumentation-asgi
    # via opentelemetry-instrumentation-dbapi
    # via opentelemetry-instrumentation-fastapi
    # via opentelemetry-instrumentation-psycopg
    # via opentelemetry-instrumentation-redis
    # via opentelemetry-sdk
    # via opentelemetry-semantic-conventions
opentelemetry-exporter-otlp-proto-common==1.28.1
    # via opentelemetry-exporter-otlp-proto-http
opentelemetry-exporter-otlp-proto-http==1.28.1
    # via logfire
opentelemetry-instrumentation==0.49b1
    # via logfire
    # via opentelemetry-instrumentation-asgi
    # via opentelemetry-instrumentation-dbapi
    # via opentelemetry-instrumentation-fastapi
    # via opentelemetry-instrumentation-psycopg
    # via opentelemetry-instrumentation-redis
opentelemetry-instrumentation-asgi==0.49b1
    # via opentelemetry-instrumentation-fastapi
opentelemetry-instrumentation-dbapi==0.49b1
    # via opentelemetry-instrumentation-psycopg
opentelemetry-instrumentation-fastapi==0.49b1
    # via logfire
opentelemetry-instrumentation-psycopg==0.49b1
    # via logfire
opentelemetry-instrumentation-redis==0.49b1
    # via logfire
opentelemetry-proto==1.28.1
    # via opentelemetry-exporter-otlp-proto-common
    # via opentelemetry-exporter-otlp-proto-http
opentelemetry-sdk==1.28.1
    # via logfire
    # via opentelemetry-exporter-otlp-proto-http
opentelemetry-semantic-conventions==0.49b1
    # via opentelemetry-instrumentation
    # via opentelemetry-instrumentation-asgi
    # via opentelemetry-instrumentation-dbapi
    # via opentelemetry-instrumentation-fastapi
    # via opentelemetry-instrumentation-redis
    # via opentelemetry-sdk
opentelemetry-util-http==0.49b1
    # via opentelemetry-instrumentation-asgi
    # via opentelemetry-instrumentation-fastapi
orjson==3.10.11
    # via fastapi
packaging==24.2
    # via logfire
    # via opentelemetry-instrumentation
passlib==1.7.4
    # via demo-fastapi
pip==24.3.1
    # via demo-fastapi
prompt-toolkit==3.0.48
    # via click-repl
protobuf==5.28.3
    # via googleapis-common-protos
    # via logfire
    # via opentelemetry-proto
psycopg==3.2.3
    # via demo-fastapi
psycopg-binary==3.2.3
    # via psycopg
psycopg-pool==3.2.4
    # via psycopg
pyasn1==0.6.1
    # via python-jose
    # via rsa
pydantic==2.9.2
    # via fastapi
    # via pydantic-extra-types
    # via pydantic-settings
pydantic-core==2.23.4
    # via pydantic
pydantic-extra-types==2.10.0
    # via fastapi
pydantic-settings==2.6.1
    # via fastapi
pygments==2.18.0
    # via rich
python-dateutil==2.9.0.post0
    # via celery
python-dotenv==1.0.1
    # via pydantic-settings
    # via uvicorn
python-jose==3.3.0
    # via demo-fastapi
python-multipart==0.0.17
    # via fastapi
pyyaml==6.0.2
    # via fastapi
    # via uvicorn
redis==5.2.0
    # via demo-fastapi
requests==2.32.3
    # via opentelemetry-exporter-otlp-proto-http
rich==13.9.4
    # via logfire
    # via typer
rsa==4.9
    # via python-jose
shellingham==1.5.4
    # via typer
six==1.16.0
    # via ecdsa
    # via python-dateutil
sniffio==1.3.1
    # via anyio
    # via httpx
sqlalchemy==2.0.36
    # via alembic
    # via demo-fastapi
starlette==0.41.2
    # via fastapi
tqdm==4.67.0
    # via demo-fastapi
typer==0.13.0
    # via fastapi-cli
typing-extensions==4.12.2
    # via alembic
    # via fastapi
    # via logfire
    # via opentelemetry-sdk
    # via psycopg
    # via psycopg-pool
    # via pydantic
    # via pydantic-core
    # via pydantic-extra-types
    # via sqlalchemy
    # via typer
tzdata==2024.2
    # via celery
    # via kombu
ujson==5.10.0
    # via fastapi
urllib3==2.2.3
    # via requests
uvicorn==0.32.0
    # via fastapi
    # via fastapi-cli
uvloop==0.21.0
    # via uvicorn
vine==5.1.0
    # via amqp
    # via celery
    # via kombu
watchfiles==0.24.0
    # via uvicorn
wcwidth==0.2.13
    # via prompt-toolkit
websockets==14.1
    # via uvicorn
wrapt==1.16.0
    # via deprecated
    # via opentelemetry-instrumentation
    # via opentelemetry-instrumentation-dbapi
    # via opentelemetry-instrumentation-redis
zipp==3.21.0
    # via importlib-metadata
